
Microsoft Visual Studio Solution File, Format Version 12.00
# Visual Studio 2012
Project("{FAE04EC0-301F-11D3-BF4B-00C04F79EFBC}") = "WebApplication9", "WebApplication9\WebApplication9.csproj", "{FFBAF7B2-20D1-4EB7-B673-BE72F924758E}"
EndProject
Global
	GlobalSection(SolutionConfigurationPlatforms) = preSolution
		Debug|Any CPU = Debug|Any CPU
		Release|Any CPU = Release|Any CPU
	EndGlobalSection
	GlobalSection(ProjectConfigurationPlatforms) = postSolution
		{FFBAF7B2-20D1-4EB7-B673-BE72F924758E}.Debug|Any CPU.ActiveCfg = Debug|Any CPU
		{FFBAF7B2-20D1-4EB7-B673-BE72F924758E}.Debug|Any CPU.Build.0 = Debug|Any CPU
		{FFBAF7B2-20D1-4EB7-B673-BE72F924758E}.Release|Any CPU.ActiveCfg = Release|Any CPU
		{FFBAF7B2-20D1-4EB7-B673-BE72F924758E}.Release|Any CPU.Build.0 = Release|Any CPU
	EndGlobalSection
	GlobalSection(SolutionProperties) = preSolution
		HideSolutionNode = FALSE
	EndGlobalSection
EndGlobal
